
Microsoft Visual Studio Solution File, Format Version 12.00
# Visual Studio Version 16
VisualStudioVersion = 16.0.32602.291
MinimumVisualStudioVersion = 10.0.40219.1
Project("{FAE04EC0-301F-11D3-BF4B-00C04F79EFBC}") = "Square_Checkout_WebApplication1", "Square_Checkout_WebApplication1.csproj", "{58839A9C-E90C-441E-A0C5-356D6C1A7D93}"
EndProject
Global
	GlobalSection(SolutionConfigurationPlatforms) = preSolution
		Debug|Any CPU = Debug|Any CPU
		Release|Any CPU = Release|Any CPU
	EndGlobalSection
	GlobalSection(ProjectConfigurationPlatforms) = postSolution
		{58839A9C-E90C-441E-A0C5-356D6C1A7D93}.Debug|Any CPU.ActiveCfg = Debug|Any CPU
		{58839A9C-E90C-441E-A0C5-356D6C1A7D93}.Debug|Any CPU.Build.0 = Debug|Any CPU
		{58839A9C-E90C-441E-A0C5-356D6C1A7D93}.Release|Any CPU.ActiveCfg = Release|Any CPU
		{58839A9C-E90C-441E-A0C5-356D6C1A7D93}.Release|Any CPU.Build.0 = Release|Any CPU
	EndGlobalSection
	GlobalSection(SolutionProperties) = preSolution
		HideSolutionNode = FALSE
	EndGlobalSection
	GlobalSection(ExtensibilityGlobals) = postSolution
		SolutionGuid = {BE8B3A5E-594E-4C5E-B5BC-4AA929888572}
	EndGlobalSection
EndGlobal
